
Microsoft Visual Studio Solution File, Format Version 12.00
# Visual Studio Version 17
VisualStudioVersion = 17.4.33122.133
MinimumVisualStudioVersion = 10.0.40219.1
Project("{FAE04EC0-301F-11D3-BF4B-00C04F79EFBC}") = "OrganizingСoncerts", "OrganizingСoncerts\OrganizingСoncerts.csproj", "{F8ACA0D8-1730-4885-A709-90E29CA5C372}"
EndProject
Global
	GlobalSection(SolutionConfigurationPlatforms) = preSolution
		Debug|Any CPU = Debug|Any CPU
		Release|Any CPU = Release|Any CPU
	EndGlobalSection
	GlobalSection(ProjectConfigurationPlatforms) = postSolution
		{F8ACA0D8-1730-4885-A709-90E29CA5C372}.Debug|Any CPU.ActiveCfg = Debug|Any CPU
		{F8ACA0D8-1730-4885-A709-90E29CA5C372}.Debug|Any CPU.Build.0 = Debug|Any CPU
		{F8ACA0D8-1730-4885-A709-90E29CA5C372}.Release|Any CPU.ActiveCfg = Release|Any CPU
		{F8ACA0D8-1730-4885-A709-90E29CA5C372}.Release|Any CPU.Build.0 = Release|Any CPU
	EndGlobalSection
	GlobalSection(SolutionProperties) = preSolution
		HideSolutionNode = FALSE
	EndGlobalSection
	GlobalSection(ExtensibilityGlobals) = postSolution
		SolutionGuid = {6218D0C0-0EF6-4B92-B6F4-0341EDB1DBAD}
	EndGlobalSection
EndGlobal
